
Microsoft Visual Studio Solution File, Format Version 12.00
# Visual Studio Version 16
VisualStudioVersion = 16.0.30011.22
MinimumVisualStudioVersion = 10.0.40219.1
Project("{FAE04EC0-301F-11D3-BF4B-00C04F79EFBC}") = "dikdortgenalan", "dikdortgenalan\dikdortgenalan.csproj", "{280E433C-2C6A-437E-A4A3-FBAD359A30BA}"
EndProject
Global
	GlobalSection(SolutionConfigurationPlatforms) = preSolution
		Debug|Any CPU = Debug|Any CPU
		Release|Any CPU = Release|Any CPU
	EndGlobalSection
	GlobalSection(ProjectConfigurationPlatforms) = postSolution
		{280E433C-2C6A-437E-A4A3-FBAD359A30BA}.Debug|Any CPU.ActiveCfg = Debug|Any CPU
		{280E433C-2C6A-437E-A4A3-FBAD359A30BA}.Debug|Any CPU.Build.0 = Debug|Any CPU
		{280E433C-2C6A-437E-A4A3-FBAD359A30BA}.Release|Any CPU.ActiveCfg = Release|Any CPU
		{280E433C-2C6A-437E-A4A3-FBAD359A30BA}.Release|Any CPU.Build.0 = Release|Any CPU
	EndGlobalSection
	GlobalSection(SolutionProperties) = preSolution
		HideSolutionNode = FALSE
	EndGlobalSection
	GlobalSection(ExtensibilityGlobals) = postSolution
		SolutionGuid = {E1B7D788-26C1-4BA4-89C8-667F57D402E0}
	EndGlobalSection
EndGlobal
